
Microsoft Visual Studio Solution File, Format Version 12.00
# Visual Studio Version 17
VisualStudioVersion = 17.11.35222.181
MinimumVisualStudioVersion = 10.0.40219.1
Project("{9A19103F-16F7-4668-BE54-9A1E7A4F7556}") = "AutomatedTests", "AutomatedTests\AutomatedTests.csproj", "{F0A656DC-067A-419C-9665-234ABF4A1CA8}"
EndProject
Project("{2150E333-8FDC-42A3-9474-1A3956D46DE8}") = "Solution Items", "Solution Items", "{108E39BA-45A2-4D8E-81C3-EFB90764D1D6}"
	ProjectSection(SolutionItems) = preProject
		.editorconfig = .editorconfig
	EndProjectSection
EndProject
Project("{9A19103F-16F7-4668-BE54-9A1E7A4F7556}") = "GUI", "GUI\GUI.csproj", "{D9DB90A9-52EE-45FF-A92E-417A1A26094D}"
EndProject
Global
	GlobalSection(SolutionConfigurationPlatforms) = preSolution
		Debug|Any CPU = Debug|Any CPU
		Release|Any CPU = Release|Any CPU
	EndGlobalSection
	GlobalSection(ProjectConfigurationPlatforms) = postSolution
		{F0A656DC-067A-419C-9665-234ABF4A1CA8}.Debug|Any CPU.ActiveCfg = Debug|Any CPU
		{F0A656DC-067A-419C-9665-234ABF4A1CA8}.Debug|Any CPU.Build.0 = Debug|Any CPU
		{F0A656DC-067A-419C-9665-234ABF4A1CA8}.Release|Any CPU.ActiveCfg = Release|Any CPU
		{F0A656DC-067A-419C-9665-234ABF4A1CA8}.Release|Any CPU.Build.0 = Release|Any CPU
		{D9DB90A9-52EE-45FF-A92E-417A1A26094D}.Debug|Any CPU.ActiveCfg = Debug|Any CPU
		{D9DB90A9-52EE-45FF-A92E-417A1A26094D}.Debug|Any CPU.Build.0 = Debug|Any CPU
		{D9DB90A9-52EE-45FF-A92E-417A1A26094D}.Release|Any CPU.ActiveCfg = Release|Any CPU
		{D9DB90A9-52EE-45FF-A92E-417A1A26094D}.Release|Any CPU.Build.0 = Release|Any CPU
	EndGlobalSection
	GlobalSection(SolutionProperties) = preSolution
		HideSolutionNode = FALSE
	EndGlobalSection
	GlobalSection(ExtensibilityGlobals) = postSolution
		SolutionGuid = {6357EEB0-25EC-4202-BD06-4D5DE213FFBF}
	EndGlobalSection
EndGlobal
